# platform: linux-64
# env_hash: d933efc5c036085723f6ad2d4935b766c94e3a9dbfd268ad684e9752a37bd5cd
@EXPLICIT
https://conda.anaconda.org/conda-forge/linux-64/_libgcc_mutex-0.1-conda_forge.tar.bz2#d7c89558ba9fa0495403155b64376d81
https://conda.anaconda.org/conda-forge/linux-64/ca-certificates-2020.11.8-ha878542_0.tar.bz2#f9cdccd43ac20a0d1637d84d58c6ff5c
https://conda.anaconda.org/conda-forge/linux-64/ld_impl_linux-64-2.35.1-hed1e6ac_0.tar.bz2#d0cf77c331382475133dc6c34e7461d7
https://conda.anaconda.org/conda-forge/linux-64/libgfortran5-9.3.0-he4bcb1c_17.tar.bz2#0c15349375fc3d0cb2114fcabe2f0aba
https://conda.anaconda.org/conda-forge/linux-64/libstdcxx-ng-9.3.0-h2ae2ef3_17.tar.bz2#342f3c931d0a3a209ab09a522469d20c
https://conda.anaconda.org/conda-forge/linux-64/mpi-1.0-mpich.tar.bz2#c1fcff3417b5a22bbc4cf6e8c23648cf
https://conda.anaconda.org/conda-forge/linux-64/pandoc-2.11.2-h36c2ea0_0.tar.bz2#a0f3b9a8abf73111682fb0c3124c25ec
https://conda.anaconda.org/conda-forge/linux-64/libgfortran-ng-9.3.0-he4bcb1c_17.tar.bz2#f92019e2b944dc3e5d33d0efba4a3461
https://conda.anaconda.org/conda-forge/linux-64/libgomp-9.3.0-h5dbcf3e_17.tar.bz2#8fd587013b9da8b52050268d50c12305
https://conda.anaconda.org/conda-forge/linux-64/_openmp_mutex-4.5-1_gnu.tar.bz2#561e277319a41d4f24f5c05a9ef63c04
https://conda.anaconda.org/conda-forge/linux-64/libgcc-ng-9.3.0-h5dbcf3e_17.tar.bz2#fc9f5adabc4d55cd4b491332adc413e0
https://conda.anaconda.org/conda-forge/linux-64/bzip2-1.0.8-h7f98852_4.tar.bz2#a1fd65c7ccbf10880423d82bca54eb54
https://conda.anaconda.org/conda-forge/linux-64/c-ares-1.17.1-h36c2ea0_0.tar.bz2#1aa683618a2df66800d568409d6841d1
https://conda.anaconda.org/conda-forge/linux-64/expat-2.2.9-he1b5a44_2.tar.bz2#285f5b5ca3209d492224935affd00aab
https://conda.anaconda.org/conda-forge/linux-64/geos-3.8.0-he1b5a44_1.tar.bz2#11fea72f57f44762b5b53eaa0c0859c0
https://conda.anaconda.org/conda-forge/linux-64/icu-58.2-hf484d3e_1000.tar.bz2#3749214646d41293022b45ce51386141
https://conda.anaconda.org/conda-forge/linux-64/jpeg-9d-h36c2ea0_0.tar.bz2#ea02ce6037dbe81803ae6123e5ba1568
https://conda.anaconda.org/conda-forge/linux-64/libev-4.33-h516909a_1.tar.bz2#6f8720dff19e17ce5d48cfe7f3d2f0a3
https://conda.anaconda.org/conda-forge/linux-64/libffi-3.3-h58526e2_1.tar.bz2#8e42ee98679696e0ddfde5521c98da60
https://conda.anaconda.org/conda-forge/linux-64/libiconv-1.16-h516909a_0.tar.bz2#5c0f338a513a2943c659ae619fca9211
https://conda.anaconda.org/conda-forge/linux-64/libopenblas-0.3.12-pthreads_h4812303_1.tar.bz2#2c7126a584f05e7bc8885d64dad3d21a
https://conda.anaconda.org/conda-forge/linux-64/libsodium-1.0.18-h36c2ea0_1.tar.bz2#c3788462a6fbddafdb413a9f9053e58d
https://conda.anaconda.org/conda-forge/linux-64/libuuid-2.32.1-h14c3975_1000.tar.bz2#39c6326f6ee5297632c47db6520546fe
https://conda.anaconda.org/conda-forge/linux-64/libwebp-base-1.1.0-h36c2ea0_3.tar.bz2#5d2fa0f54b5cc9b500269437a62cba3b
https://conda.anaconda.org/conda-forge/linux-64/lz4-c-1.9.2-he1b5a44_3.tar.bz2#b2e54aad8640e7a877d2280d3ebfe85b
https://conda.anaconda.org/conda-forge/linux-64/mpich-3.3.2-h846660c_4.tar.bz2#043c0a68572a97d3e7240b25e5a1d57f
https://conda.anaconda.org/conda-forge/linux-64/ncurses-6.2-h58526e2_4.tar.bz2#509f2a21c4a09214cd737a480dfd80c9
https://conda.anaconda.org/conda-forge/linux-64/openssl-1.1.1h-h516909a_0.tar.bz2#3a99e0cb8f325dbf8f616da2d2fb6d4f
https://conda.anaconda.org/conda-forge/linux-64/pcre-8.44-he1b5a44_0.tar.bz2#e647d89cd5cdf62760cf283a001841ff
https://conda.anaconda.org/conda-forge/linux-64/pthread-stubs-0.4-h36c2ea0_1001.tar.bz2#22dad4df6e8630e8dff2428f6f6a7036
https://conda.anaconda.org/conda-forge/linux-64/xorg-libxau-1.0.9-h14c3975_0.tar.bz2#ffa7c2b7a2c7dc779ed9e38b10a93c3c
https://conda.anaconda.org/conda-forge/linux-64/xorg-libxdmcp-1.1.3-h516909a_0.tar.bz2#e95a160e60b2a327309a6d323a4d780e
https://conda.anaconda.org/conda-forge/linux-64/xz-5.2.5-h516909a_1.tar.bz2#33f601066901f3e1a85af3522a8113f9
https://conda.anaconda.org/conda-forge/linux-64/yaml-0.2.5-h516909a_0.tar.bz2#03a530e925414902547cf48da7756db8
https://conda.anaconda.org/conda-forge/linux-64/zlib-1.2.11-h516909a_1010.tar.bz2#339cc5584e6d26bc73a875ba900028c3
https://conda.anaconda.org/conda-forge/linux-64/gettext-0.19.8.1-h0b5b191_1005.tar.bz2#ff6f69b593a9e74c0e6b61908ac513fa
https://conda.anaconda.org/conda-forge/linux-64/hdf4-4.2.13-h10796ff_1004.tar.bz2#aa1b96c7801b4876bb40f46f4d519836
https://conda.anaconda.org/conda-forge/linux-64/libblas-3.9.0-3_openblas.tar.bz2#45bf606ba7dc222c7c3eda0be241c948
https://conda.anaconda.org/conda-forge/linux-64/libedit-3.1.20191231-he28a2e2_2.tar.bz2#4d331e44109e3f0e19b4cb8f9b82f3e1
https://conda.anaconda.org/conda-forge/linux-64/libllvm10-10.0.1-he513fc3_3.tar.bz2#b1c57947b2a9231e0cd037ab0ed96b5d
https://conda.anaconda.org/conda-forge/linux-64/libnghttp2-1.41.0-h8cfc5f6_2.tar.bz2#726ca0fed4bde95b056ef26df1efaf60
https://conda.anaconda.org/conda-forge/linux-64/libpng-1.6.37-h21135ba_2.tar.bz2#b6acf807307d033d4b7e758b4f44b036
https://conda.anaconda.org/conda-forge/linux-64/libssh2-1.9.0-hab1572f_5.tar.bz2#18aaa1bd2238ae2b5e89591046973123
https://conda.anaconda.org/conda-forge/linux-64/libxcb-1.13-h14c3975_1002.tar.bz2#ca4eb860b5528d5c6de8d97021d9ef78
https://repo.anaconda.com/pkgs/main/linux-64/libxml2-2.9.10-hb55368b_3.conda#5cc9d595a9d91c2f5c1d722252e27343
https://conda.anaconda.org/conda-forge/linux-64/readline-8.0-he28a2e2_2.tar.bz2#4d0ae8d473f863696088f76800ef9d38
https://conda.anaconda.org/conda-forge/linux-64/tk-8.6.10-hed695b0_1.tar.bz2#7ef837cd455bd0f19f49b8b62d4cb568
https://conda.anaconda.org/conda-forge/linux-64/udunits2-2.2.27.6-h4e0c4b3_1001.tar.bz2#7d25fca3627fed2955d4e33aa16c71d9
https://conda.anaconda.org/conda-forge/linux-64/zeromq-4.3.3-h58526e2_3.tar.bz2#6272fa8d98bd79c7978da0f7d2bb28da
https://conda.anaconda.org/conda-forge/linux-64/zstd-1.4.5-h6597ccf_2.tar.bz2#d60d50f369d40f9787878cdd866fc9d3
https://conda.anaconda.org/conda-forge/linux-64/freetype-2.10.4-h7ca028e_0.tar.bz2#1e6bf409916fdf455a5bb8627b626285
https://conda.anaconda.org/conda-forge/linux-64/krb5-1.17.2-h926e7f8_0.tar.bz2#926325c11478d6e781e76072c117763b
https://conda.anaconda.org/conda-forge/linux-64/libcblas-3.9.0-3_openblas.tar.bz2#2499ea2d37a37324abab3fd034faab44
https://conda.anaconda.org/conda-forge/linux-64/libglib-2.66.3-h1f3bc88_1.tar.bz2#b4c08d8a6d14f9fb88c3a93305fe30c6
https://conda.anaconda.org/conda-forge/linux-64/liblapack-3.9.0-3_openblas.tar.bz2#8fd9fca8f58e6e132f55dd2330cae671
https://conda.anaconda.org/conda-forge/linux-64/libtiff-4.1.0-h4f3a223_6.tar.bz2#26f3a89355b93d26418088a749fd9880
https://repo.anaconda.com/pkgs/main/linux-64/libxslt-1.1.34-hc22bd24_0.conda#9bc13800c7779f0d6a12bed3048c6aee
https://conda.anaconda.org/conda-forge/linux-64/sqlite-3.34.0-h74cdb3f_0.tar.bz2#0a83e21e8c1929cc9a1e21ebb2459fc5
https://conda.anaconda.org/conda-forge/linux-64/fontconfig-2.13.1-he4413a7_1000.tar.bz2#007f734169f4b3cc66b3f48a9056903a
https://conda.anaconda.org/conda-forge/linux-64/lcms2-2.11-hcbb858e_1.tar.bz2#89fcd6a52a99f3e255989f8cfc80c489
https://conda.anaconda.org/conda-forge/linux-64/libcurl-7.71.1-hcdd3856_8.tar.bz2#2c81fb9f0d82c04b08617fc73eb615af
https://conda.anaconda.org/conda-forge/linux-64/proj-6.2.1-hc80f0dc_0.tar.bz2#648fa04e8ad91cbf483ea0caa175afe3
https://conda.anaconda.org/conda-forge/linux-64/python-3.7.8-hffdb5ce_3_cpython.tar.bz2#1e0d7287dd180adac2eda631dcec0436
https://conda.anaconda.org/conda-forge/noarch/appdirs-1.4.4-pyh9f0ad1d_0.tar.bz2#5f095bc6454094e96f146491fd03633b
https://conda.anaconda.org/conda-forge/noarch/asciitree-0.3.3-py_2.tar.bz2#c0481c9de49f040272556e2cedf42816
https://conda.anaconda.org/conda-forge/noarch/async-timeout-3.0.1-py_1000.tar.bz2#8b11024b2762a07aaa07d2743231a41b
https://conda.anaconda.org/conda-forge/noarch/async_generator-1.10-py_0.tar.bz2#d56c596e61b1c4952acf0a9920856c12
https://conda.anaconda.org/conda-forge/noarch/attrs-20.3.0-pyhd3deb0d_0.tar.bz2#5b319abb055eefcfa344bc21378ca23f
https://conda.anaconda.org/conda-forge/noarch/backports-1.0-py_2.tar.bz2#0da16b293affa6ac31812376f8eb79dd
https://conda.anaconda.org/conda-forge/noarch/cached-property-1.5.1-py_0.tar.bz2#a5773589b22d6d4f6201fb7c261bf77f
https://conda.anaconda.org/conda-forge/noarch/click-7.1.2-pyh9f0ad1d_0.tar.bz2#bd50a970ce07e660c319fdc4d730d3f1
https://conda.anaconda.org/conda-forge/noarch/cloudpickle-1.6.0-py_0.tar.bz2#76d764d8881719e305f6fa368dc2b65e
https://conda.anaconda.org/conda-forge/linux-64/curl-7.71.1-he644dc0_8.tar.bz2#7fadfa44182e1cc0dbbe0c169c0b15cc
https://conda.anaconda.org/conda-forge/noarch/dataclasses-0.7-pyhb2cacf7_7.tar.bz2#3c9869f82e8f246c3f26e91da684597e
https://conda.anaconda.org/conda-forge/noarch/decorator-4.4.2-py_0.tar.bz2#d2eabb9cabd212e1ec6a9463bd846243
https://conda.anaconda.org/conda-forge/noarch/defusedxml-0.6.0-py_0.tar.bz2#37e1033daee0e2edaa5ff42584c52b21
https://conda.anaconda.org/conda-forge/noarch/entrypoints-0.3-pyhd8ed1ab_1003.tar.bz2#bbf9a201f6ce99a506f4955374d9a9f4
https://conda.anaconda.org/conda-forge/noarch/fastprogress-1.0.0-py_0.tar.bz2#0765c7a36e7ed365cab77858c9fba1b7
https://conda.anaconda.org/conda-forge/noarch/filelock-3.0.12-pyh9f0ad1d_0.tar.bz2#7544ed05bbbe9bb687bc9bcbe4d6cb46
https://conda.anaconda.org/conda-forge/noarch/fsspec-0.8.4-py_0.tar.bz2#9bc8332e90f8a54d38caf488f784bd85
https://conda.anaconda.org/conda-forge/linux-64/glib-2.66.3-h9c3ff4c_1.tar.bz2#48b0ada46870c133518d884f02f4f8fa
https://conda.anaconda.org/conda-forge/linux-64/hdf5-1.10.6-mpi_mpich_h996c276_1012.tar.bz2#50e27e6e4ba73a54c11ee8bdbc23677f
https://conda.anaconda.org/conda-forge/noarch/heapdict-1.0.1-py_0.tar.bz2#77242bfb1e74a627fb06319b5a2d3b95
https://conda.anaconda.org/conda-forge/noarch/idna-2.10-pyh9f0ad1d_0.tar.bz2#f95a12b4f435aae6680fe55ae2eb1b06
https://conda.anaconda.org/conda-forge/noarch/iniconfig-1.1.1-pyh9f0ad1d_0.tar.bz2#39161f81cc5e5ca45b8226fbb06c6905
https://conda.anaconda.org/conda-forge/noarch/ipython_genutils-0.2.0-py_1.tar.bz2#5071c982548b3a20caf70462f04f5287
https://conda.anaconda.org/conda-forge/noarch/json5-0.9.5-pyh9f0ad1d_0.tar.bz2#10759827a94e6b14996e81fb002c0bda
https://conda.anaconda.org/conda-forge/noarch/locket-0.2.0-py_2.tar.bz2#709e8671651c7ec3d1ad07800339ff1d
https://conda.anaconda.org/conda-forge/noarch/monotonic-1.5-py_0.tar.bz2#0cc5fd0140497c3f1e2db2e7493b62b3
https://conda.anaconda.org/conda-forge/noarch/more-itertools-8.6.0-pyhd8ed1ab_0.tar.bz2#980af7a97980ad4cc867b3c1fad782e7
https://conda.anaconda.org/conda-forge/noarch/nest-asyncio-1.4.3-pyhd8ed1ab_0.tar.bz2#a1f2fda4d88c624810bf2029aa4c0827
https://conda.anaconda.org/conda-forge/noarch/olefile-0.46-pyh9f0ad1d_1.tar.bz2#0b2e68acc8c78c8cc392b90983481f58
https://conda.anaconda.org/conda-forge/noarch/pandocfilters-1.4.2-py_1.tar.bz2#ba6f4a308f1ea22abe1d72e72544af76
https://conda.anaconda.org/conda-forge/noarch/param-1.10.0-py_0.tar.bz2#641dbd5623348d573d67a8bfd43236e0
https://conda.anaconda.org/conda-forge/noarch/pathspec-0.8.1-pyhd3deb0d_0.tar.bz2#fcd2fbb062b55d14a77e664c89ee17a6
https://conda.anaconda.org/conda-forge/noarch/pickleshare-0.7.5-py_1003.tar.bz2#415f0ebb6198cc2801c73438a9fb5761
https://conda.anaconda.org/conda-forge/noarch/prometheus_client-0.9.0-pyhd3deb0d_0.tar.bz2#c7af95daf5bae22ead34151e0ab9d041
https://conda.anaconda.org/conda-forge/noarch/ptyprocess-0.6.0-py_1001.tar.bz2#0c3a56f1ab48cfb002c69b48f9e1ddc6
https://conda.anaconda.org/conda-forge/noarch/py-1.9.0-pyh9f0ad1d_0.tar.bz2#82beb69c4e05d65702bbde3c63d6ef58
https://conda.anaconda.org/conda-forge/noarch/pycparser-2.20-pyh9f0ad1d_2.tar.bz2#aa798d50ffd182a0f6f31478c7f434f6
https://conda.anaconda.org/conda-forge/noarch/pyparsing-2.4.7-pyh9f0ad1d_0.tar.bz2#626c4f20d5bf06dcec9cf2eaa31725c7
https://repo.anaconda.com/pkgs/main/linux-64/pyproj-2.6.1.post1-py37hd003209_1.conda#ab8e83f60a9724efc63f3d7e4585e24a
https://conda.anaconda.org/conda-forge/noarch/pyshp-2.1.2-pyh9f0ad1d_0.tar.bz2#3362c351288584f00000c3ce31b5bbdf
https://conda.anaconda.org/conda-forge/linux-64/python_abi-3.7-1_cp37m.tar.bz2#658a5c3d766bfc6574480204b10a6f20
https://conda.anaconda.org/conda-forge/noarch/pytz-2020.4-pyhd8ed1ab_0.tar.bz2#14aefc827cbbd156cb1bd9e992210380
https://conda.anaconda.org/conda-forge/noarch/send2trash-1.5.0-py_0.tar.bz2#c3779037a635e1150f1c53c28b875949
https://conda.anaconda.org/conda-forge/noarch/simpervisor-0.3-py_1.tar.bz2#fe08b77a681a541161b2b42fbd78d117
https://conda.anaconda.org/conda-forge/noarch/simplegeneric-0.8.1-py_1.tar.bz2#a561caf8601e8d85547c77a54ee99333
https://repo.anaconda.com/pkgs/main/linux-64/sip-4.19.8-py37hf484d3e_0.conda#a41603290a87146546d40828e3a3848d
https://conda.anaconda.org/conda-forge/noarch/six-1.15.0-pyh9f0ad1d_0.tar.bz2#1eec421f0f1f39e579e44e4a5ce646a2
https://conda.anaconda.org/conda-forge/noarch/sortedcontainers-2.3.0-pyhd8ed1ab_0.tar.bz2#2f5b87cd0bdf1822b62e40909f471db4
https://conda.anaconda.org/conda-forge/noarch/tblib-1.6.0-py_0.tar.bz2#0e1562c39e804e0d7df8650626379caa
https://conda.anaconda.org/conda-forge/noarch/testpath-0.4.4-py_0.tar.bz2#3b98fff4d5342bebde2ecaa314f796f9
https://conda.anaconda.org/conda-forge/noarch/toml-0.10.2-pyhd8ed1ab_0.tar.bz2#f832c45a477c78bebd107098db465095
https://conda.anaconda.org/conda-forge/noarch/toolz-0.11.1-py_0.tar.bz2#d1e66b58cb00b3817ad9f05eec098c00
https://conda.anaconda.org/conda-forge/noarch/tqdm-4.54.0-pyhd8ed1ab_0.tar.bz2#0a926e66325587b1c7479982241bcec1
https://conda.anaconda.org/conda-forge/noarch/typing_extensions-3.7.4.3-py_0.tar.bz2#12b96e382730541a4b332420227055ae
https://conda.anaconda.org/conda-forge/noarch/webencodings-0.5.1-py_1.tar.bz2#3563be4c5611a44210d9ba0c16113136
https://conda.anaconda.org/conda-forge/noarch/wheel-0.36.0-pyhd3deb0d_0.tar.bz2#f144bcd310e543bd9c8aa17c8ba1ee02
https://conda.anaconda.org/conda-forge/noarch/zipp-3.4.0-py_0.tar.bz2#0df927d2e46244cef8fd75d7ec2ba51c
https://conda.anaconda.org/conda-forge/linux-64/certifi-2020.11.8-py37h89c1867_0.tar.bz2#9a18133b24574aab1482ff9d39a2dc5c
https://conda.anaconda.org/conda-forge/linux-64/cffi-1.14.4-py37hc58025e_1.tar.bz2#b1d54180056feb907b9891f8f393c1f1
https://conda.anaconda.org/conda-forge/linux-64/chardet-3.0.4-py37he5f6b98_1008.tar.bz2#2f4cf1309df625c3eb0314a170fb9593
https://conda.anaconda.org/conda-forge/noarch/click-default-group-1.2.1-py_0.tar.bz2#64a66d3d4db54208496c4e2fa822eeee
https://conda.anaconda.org/conda-forge/noarch/cycler-0.10.0-py_2.tar.bz2#f6d7c7e6d8f42cbbec7e07a8d879f91c
https://conda.anaconda.org/conda-forge/linux-64/cytoolz-0.11.0-py37h4abf009_1.tar.bz2#18727c83ae75fee71e9f2b2b0eac0045
https://conda.anaconda.org/conda-forge/linux-64/dbus-1.13.6-hfdff14a_1.tar.bz2#4caaca6356992ee545080c7d7193b5a3
https://conda.anaconda.org/conda-forge/noarch/docrep-0.2.7-py_0.tar.bz2#7a8411a58c16dffe32424251e62e3149
https://conda.anaconda.org/conda-forge/noarch/fasteners-0.14.1-py_3.tar.bz2#8af0bf3cfe806fb001d9923b4fe1594b
https://conda.anaconda.org/conda-forge/linux-64/future-0.18.2-py37h89c1867_2.tar.bz2#5e3dfe430d1db709ef6417a9cf486d1c
https://repo.anaconda.com/pkgs/main/linux-64/gstreamer-1.14.0-hb31296c_0.conda#db432c4ba913459d99ab4b7facdcae80
https://conda.anaconda.org/conda-forge/noarch/importlib-metadata-3.1.1-pyhd8ed1ab_0.tar.bz2#e22162ed945059586d1b6b603d07c48e
https://conda.anaconda.org/conda-forge/linux-64/kiwisolver-1.3.1-py37hc928c03_0.tar.bz2#c970ee8be91a48044cd90f2fc86bf7b9
https://conda.anaconda.org/conda-forge/linux-64/libnetcdf-4.7.4-mpi_mpich_h2f92d0d_6.tar.bz2#17ff167e7656b139f7d48f5317099f43
https://conda.anaconda.org/conda-forge/linux-64/llvmlite-0.35.0-py37h9d7f4d0_0.tar.bz2#ecc5606b6c46125d8f3278f8176e8862
https://conda.anaconda.org/conda-forge/linux-64/lxml-4.6.2-py37h77fd288_0.tar.bz2#073d0ee05f81701addc55839eb866d65
https://conda.anaconda.org/conda-forge/linux-64/markupsafe-1.1.1-py37hb5d75c8_2.tar.bz2#31e6e17a00c0a624765a4ef79344359c
https://conda.anaconda.org/conda-forge/linux-64/mistune-0.8.4-py37h4abf009_1002.tar.bz2#2b7d974e2bbc217fc850779466f40b35
https://conda.anaconda.org/conda-forge/linux-64/mpi4py-3.0.3-py37h029bd4c_2.tar.bz2#9833f08cb446a9762cf1e62d258aa9d3
https://conda.anaconda.org/conda-forge/linux-64/msgpack-python-1.0.0-py37hc928c03_2.tar.bz2#3cd4f99830c4998a5c0c87ec8a4d1839
https://conda.anaconda.org/conda-forge/linux-64/multidict-4.7.5-py37h8f50634_2.tar.bz2#c1b9b22156ca30d0059e3908fb678432
https://conda.anaconda.org/conda-forge/linux-64/mypy_extensions-0.4.3-py37hc8dfbb8_2.tar.bz2#e763163cf8121e7d86ddb49ce5683b3f
https://conda.anaconda.org/conda-forge/linux-64/numpy-1.19.4-py37h7e9df27_1.tar.bz2#6a842b02552d7e903fb97fa4fff20b05
https://conda.anaconda.org/conda-forge/noarch/packaging-20.4-pyh9f0ad1d_0.tar.bz2#6d160f7346ac815500b5475d9a0f88a9
https://conda.anaconda.org/conda-forge/noarch/partd-1.1.0-py_0.tar.bz2#4afbf2cdf4e6ad279080d3adb5cefaae
https://conda.anaconda.org/conda-forge/noarch/pexpect-4.8.0-pyh9f0ad1d_2.tar.bz2#5909e7b978141dd80d28dbf9de627827
https://conda.anaconda.org/conda-forge/linux-64/pillow-8.0.1-py37h63a5d19_0.tar.bz2#3459c3f296e836d9a72a3682dbc4135d
https://conda.anaconda.org/conda-forge/linux-64/psutil-5.7.3-py37hb5d75c8_0.tar.bz2#b948c27cd9a2bdcf163673432030238e
https://conda.anaconda.org/conda-forge/noarch/pyct-core-0.4.6-py_0.tar.bz2#55ec526f95e0959de3f68bc6289a20da
https://conda.anaconda.org/conda-forge/linux-64/pyrsistent-0.17.3-py37h4abf009_1.tar.bz2#0aa21a377fd47a45728f5774ef7b60b1
https://conda.anaconda.org/conda-forge/linux-64/pysocks-1.7.1-py37he5f6b98_2.tar.bz2#a16ee1f98f2ab617eb31c835eaab8b81
https://conda.anaconda.org/conda-forge/noarch/python-dateutil-2.8.1-py_0.tar.bz2#0d0150ed9c2d25817f5324108d3f7571
https://conda.anaconda.org/conda-forge/noarch/pyviz_comms-0.7.6-pyh9f0ad1d_0.tar.bz2#16fc2f91123d2b040c4e101ec47c8660
https://conda.anaconda.org/conda-forge/linux-64/pyyaml-5.3.1-py37hb5d75c8_1.tar.bz2#5bf564affe9307fc08373b5a84d31c78
https://conda.anaconda.org/conda-forge/linux-64/pyzmq-20.0.0-py37h5a562af_1.tar.bz2#ad2331d3c50d3103a9403e8d404148b4
https://conda.anaconda.org/conda-forge/linux-64/regex-2020.11.13-py37h4abf009_0.tar.bz2#38165ada38c76291ec115c03311758e4
https://conda.anaconda.org/conda-forge/linux-64/tornado-6.1-py37h4abf009_0.tar.bz2#f054495ce3d0aa5010941f4019d59486
https://conda.anaconda.org/conda-forge/noarch/traitlets-5.0.5-py_0.tar.bz2#99618ee9ab1323e40f231acdab92fe60
https://conda.anaconda.org/conda-forge/linux-64/typed-ast-1.4.1-py37h4abf009_1.tar.bz2#d4e733422668c7d0cb1515c83f732783
https://conda.anaconda.org/conda-forge/noarch/typing-extensions-3.7.4.3-0.tar.bz2#36bdcdb4c2bf1efb987f2e9e80f4c9a6
https://conda.anaconda.org/conda-forge/noarch/zict-2.0.0-py_0.tar.bz2#4750152be22f24d695b3004c5e1712d3
https://conda.anaconda.org/conda-forge/linux-64/argon2-cffi-20.1.0-py37h4abf009_2.tar.bz2#8f342ee13a502ac6d637a4917d9e7cbf
https://conda.anaconda.org/conda-forge/noarch/black-20.8b1-py_1.tar.bz2#e555d6b71ec916c3dc4e6e3793cc9796
https://conda.anaconda.org/conda-forge/linux-64/bottleneck-1.3.2-py37h161383b_2.tar.bz2#a0e5712ec64526944e09d32eedb392c3
https://conda.anaconda.org/conda-forge/linux-64/brotlipy-0.7.0-py37hb5d75c8_1001.tar.bz2#1e60063ddc9de28cb48bddb48bdc1395
https://conda.anaconda.org/conda-forge/linux-64/cftime-1.3.0-py37ha21ca33_0.tar.bz2#e16e1ef516f4ab1109f82b150edf7cc8
https://conda.anaconda.org/conda-forge/noarch/colorspacious-1.1.2-pyh24bf2e0_0.tar.bz2#b73afa0d009a51cabd3ec99c4d2ef4f3
https://conda.anaconda.org/conda-forge/linux-64/cryptography-3.2.1-py37hc72a4ac_0.tar.bz2#1cae0ac203b9a09df81effb5c028e48d
https://conda.anaconda.org/conda-forge/noarch/dask-core-2.30.0-py_0.tar.bz2#64d3972a069d9885b2fbfb2485934c30
https://conda.anaconda.org/conda-forge/noarch/eofs-1.4.0-py_0.tar.bz2#6e166cd37cfeadefcfca1ffe00f222bb
https://repo.anaconda.com/pkgs/main/linux-64/gst-plugins-base-1.14.0-hbbd80ab_1.conda#4461ffa28478fe3ca9d0bea4e3395ed8
https://conda.anaconda.org/conda-forge/linux-64/h5py-3.1.0-nompi_py37h1e651dc_100.tar.bz2#b45bff851699e73b940c8d0684e5d2db
https://conda.anaconda.org/conda-forge/noarch/importlib_metadata-3.1.1-hd8ed1ab_0.tar.bz2#a884b1bcaa2d48a6bc299dcba787db7a
https://conda.anaconda.org/conda-forge/linux-64/jupyter_core-4.7.0-py37h89c1867_0.tar.bz2#b0ef15d0616bc2e2b651d37b7760c0ce
https://conda.anaconda.org/conda-forge/noarch/markdown-3.3.3-pyh9f0ad1d_0.tar.bz2#59bb2a2c29091c3a243701e26f6f1f5e
https://conda.anaconda.org/conda-forge/linux-64/netcdf-fortran-4.5.3-mpi_mpich_h7ad8bfe_1.tar.bz2#6675996c7799eaedfa27189e1e21cd87
https://conda.anaconda.org/conda-forge/linux-64/numcodecs-0.7.2-py37hcd2ae1e_1.tar.bz2#fdd4071a51ca8110458cfb65c9ade90b
https://conda.anaconda.org/conda-forge/linux-64/pandas-1.1.4-py37h10a2094_0.tar.bz2#e9aef22cc33bce0b33b76193612e3d60
https://conda.anaconda.org/conda-forge/linux-64/pykdtree-1.3.4-py37ha21ca33_0.tar.bz2#268bdb14d96c4ca4a38404167cc215d4
https://conda.anaconda.org/conda-forge/linux-64/scipy-1.5.3-py37h14a347d_0.tar.bz2#c620276ff5842789b116099872e52808
https://conda.anaconda.org/conda-forge/noarch/seawater-3.3.4-py_1.tar.bz2#a9e101e1601faf5e5a119ab2bd7617a4
https://conda.anaconda.org/conda-forge/linux-64/setuptools-49.6.0-py37he5f6b98_2.tar.bz2#eeae6a29001871a6a30de45b910e0d72
https://repo.anaconda.com/pkgs/main/linux-64/shapely-1.7.1-py37h98ec03d_0.conda#d4bc4f2fd2d55b048db5d6766c28f33a
https://conda.anaconda.org/conda-forge/linux-64/terminado-0.9.1-py37h89c1867_1.tar.bz2#740b53f5b2ff4604d2510612fb45d6bc
https://conda.anaconda.org/conda-forge/linux-64/yarl-1.6.3-py37h4abf009_0.tar.bz2#05a867ace973c93da72d7365f786a68a
https://conda.anaconda.org/conda-forge/linux-64/aiohttp-3.7.3-py37h4abf009_0.tar.bz2#66976b8efc00e65bef79063b86f1f207
https://conda.anaconda.org/conda-forge/noarch/backports.functools_lru_cache-1.6.1-py_0.tar.bz2#d36df15eaef96549ce6231e3088fba54
https://conda.anaconda.org/conda-forge/noarch/bleach-3.2.1-pyh9f0ad1d_0.tar.bz2#d4506316b85679972c0b78d4d1c0b701
https://conda.anaconda.org/conda-forge/linux-64/cf_units-2.0.1-py37h3010b51_1002.tar.bz2#29596b9b3862efd8db7c741609c77dc2
https://conda.anaconda.org/conda-forge/linux-64/distributed-2.30.1-py37h89c1867_0.tar.bz2#1b3ed8d564162fb8eac084f10dbf1926
https://conda.anaconda.org/conda-forge/linux-64/esmf-8.0.1-mpi_mpich_h3cbecb6_102.tar.bz2#995934e7c0535f440dac4c425a9b68fe
https://conda.anaconda.org/conda-forge/noarch/h5netcdf-0.8.1-py_0.tar.bz2#0181638a03dbead1e8b2ff3bdb54d24e
https://conda.anaconda.org/conda-forge/linux-64/importlib_resources-3.3.0-py37h89c1867_0.tar.bz2#b76f6915fda3d2fbaaf104061c65ce14
https://conda.anaconda.org/conda-forge/noarch/jinja2-2.11.2-pyh9f0ad1d_0.tar.bz2#e8a5d614d1a27bdba00059ca062a0551
https://conda.anaconda.org/conda-forge/noarch/jsonschema-3.2.0-py_2.tar.bz2#a17aa962de6145d08e1008cb37c20161
https://conda.anaconda.org/conda-forge/noarch/jupyter_client-6.1.7-py_0.tar.bz2#bcaa486602c05413da0808b82898f60a
https://conda.anaconda.org/conda-forge/linux-64/matplotlib-base-3.3.3-py37h4f6019d_0.tar.bz2#1f68e93546ebbffef0800135b446f650
https://conda.anaconda.org/conda-forge/linux-64/netcdf4-1.5.4-nompi_py37hcbfd489_103.tar.bz2#5c297e433cc59558f6c298fc04318f20
https://conda.anaconda.org/conda-forge/linux-64/numba-0.52.0-py37hdc94413_0.tar.bz2#d148603e968d3ecc95cafc6d47cf1a25
https://conda.anaconda.org/conda-forge/noarch/patsy-0.5.1-py_0.tar.bz2#d971df2dcd1a453daabecec0ef76e88a
https://conda.anaconda.org/conda-forge/noarch/pip-20.3.1-pyhd8ed1ab_0.tar.bz2#bd6aa73eed4afc399688200778a609f6
https://conda.anaconda.org/conda-forge/linux-64/pluggy-0.13.1-py37he5f6b98_3.tar.bz2#470de6721755ed67beb4755f9bc76043
https://conda.anaconda.org/conda-forge/noarch/pygments-2.7.2-py_0.tar.bz2#ed1bdce2d0c4353ad0bc22310e271723
https://conda.anaconda.org/conda-forge/noarch/pyopenssl-20.0.0-pyhd8ed1ab_0.tar.bz2#8fda1084aa3edad26a03e85617bb109f
https://repo.anaconda.com/pkgs/main/linux-64/qt-5.9.7-h5867ecd_1.conda#05507dbc35c46ac5a7066fc860a62341
https://conda.anaconda.org/conda-forge/noarch/xarray-0.16.2-pyhd8ed1ab_0.tar.bz2#45057a982fbac8e5c5ba5167358d4bbb
https://conda.anaconda.org/conda-forge/noarch/zarr-2.6.1-pyhd8ed1ab_0.tar.bz2#cde929aee3ed7ceb99169b2b254735eb
https://conda.anaconda.org/conda-forge/linux-64/bokeh-2.2.3-py37h89c1867_0.tar.bz2#fdcdc0165dc38bd0f2035c3f4ae0c7ec
https://conda.anaconda.org/conda-forge/noarch/cmocean-2.0-py_3.tar.bz2#10f08c3aa77dc4080ebc1c03cb542f70
https://conda.anaconda.org/conda-forge/noarch/dask-jobqueue-0.7.1-py_0.tar.bz2#157ae83b26ba34fc1437d14c039cb832
https://conda.anaconda.org/conda-forge/linux-64/dask-mpi-2.21.0-py37h47761d7_1.tar.bz2#e9993446b5ce39e37f54333a031e96e7
https://conda.anaconda.org/conda-forge/linux-64/esmpy-8.0.1-mpi_mpich_py37ha4619bd_102.tar.bz2#4536155174b36bd1d6a03d9c9f751697
https://conda.anaconda.org/conda-forge/noarch/jupyterlab_pygments-0.1.2-pyh9f0ad1d_0.tar.bz2#2cbd910890bb328e8959246a1e16fac7
https://conda.anaconda.org/conda-forge/noarch/nbformat-5.0.8-py_0.tar.bz2#12aaf0d8795a5c375757b49a08e011a2
https://conda.anaconda.org/conda-forge/noarch/nc-time-axis-1.2.0-py_1.tar.bz2#f3158a5d335f0f44f09cf05d3fb4107e
https://conda.anaconda.org/conda-forge/noarch/pint-0.16.1-py_0.tar.bz2#3a147e648229168687fa22d309faa6fb
https://conda.anaconda.org/conda-forge/linux-64/pyqt-5.9.2-py37hcca6a23_4.tar.bz2#34034dd1d12bbfc07a6f5df12fb87264
https://conda.anaconda.org/conda-forge/linux-64/pytest-6.1.2-py37h89c1867_0.tar.bz2#6f564d4186a56bb63ac185d0a187de03
https://conda.anaconda.org/conda-forge/noarch/seaborn-base-0.11.0-pyhd8ed1ab_1.tar.bz2#ce3229296680dfaf68ff36498424315b
https://conda.anaconda.org/conda-forge/linux-64/statsmodels-0.12.1-py37ha21ca33_1.tar.bz2#90360bae0135cdb58d7393ce0eebc656
https://conda.anaconda.org/conda-forge/noarch/urllib3-1.25.11-py_0.tar.bz2#4ce0599839b2b4418befe201e5f072fc
https://conda.anaconda.org/conda-forge/noarch/wcwidth-0.2.5-pyh9f0ad1d_2.tar.bz2#5266fcd697043c59621fda522b3d78ee
https://conda.anaconda.org/conda-forge/noarch/dask-2.30.0-py_0.tar.bz2#4c8b8bec2dfac1beec0159c1979d6666
https://conda.anaconda.org/conda-forge/linux-64/matplotlib-3.3.3-py37h89c1867_0.tar.bz2#fed4fd8c04205d898affe40d6bca3870
https://conda.anaconda.org/conda-forge/noarch/nbclient-0.5.1-py_0.tar.bz2#4efba375c50e6668cb5778e36d1f3a7e
https://conda.anaconda.org/conda-forge/noarch/ncar-jobqueue-2020.11.18-pyhd3deb0d_0.tar.bz2#7180c9d8c8fe2ddd51c79f16c53ea919
https://conda.anaconda.org/conda-forge/noarch/prompt_toolkit-1.0.15-py_1.tar.bz2#f5bea0930b268df84653cb32c8d1542f
https://conda.anaconda.org/conda-forge/noarch/requests-2.25.0-pyhd3deb0d_0.tar.bz2#5b983af1f3dcd93ef20f6067d077f6fe
https://conda.anaconda.org/conda-forge/linux-64/seaborn-0.11.0-ha770c72_1.tar.bz2#4aa0fcb64555b279b8eecae5cb42a5a3
https://conda.anaconda.org/conda-forge/linux-64/xesmf-0.2.0-py37_0.tar.bz2#65f8687401ff77766e043001e1ce7b3e
https://conda.anaconda.org/conda-forge/noarch/ensureconda-1.3.0-pyhd8ed1ab_0.tar.bz2#24e565cbb31a38162df00e31bb909940
https://conda.anaconda.org/conda-forge/noarch/intake-0.6.0-py_0.tar.bz2#1043778f4cd11dda4e7df45edfd12154
https://conda.anaconda.org/conda-forge/linux-64/ipython-5.8.0-py37_1.tar.bz2#953f75baf7df2e9a77e26e4e07ae05eb
https://conda.anaconda.org/conda-forge/linux-64/nbconvert-6.0.7-py37h89c1867_3.tar.bz2#aa3710e0a8a44d7c7313b37775018446
https://conda.anaconda.org/conda-forge/noarch/owslib-0.20.0-py_0.tar.bz2#d9f1280ab8723862dd8b30f4f9c241e0
https://conda.anaconda.org/conda-forge/noarch/pooch-1.3.0-pyhd8ed1ab_0.tar.bz2#7041d42601fe3de878565ca84c952237
https://conda.anaconda.org/conda-forge/noarch/pyct-0.4.6-py_0.tar.bz2#42d91c89bc3993ec88681cffd3c0e326
https://conda.anaconda.org/conda-forge/noarch/pyepsg-0.4.0-py_0.tar.bz2#c3de0e5a1931c6732457300d2832f02f
https://conda.anaconda.org/conda-forge/noarch/xgcm-0.5.1-py_0.tar.bz2#935f4608a93c5bf80d9c33810ef40aa0
https://conda.anaconda.org/conda-forge/noarch/xhistogram-0.1.1-py_0.tar.bz2#014c84ba10debba421f42ac55006bab8
https://conda.anaconda.org/conda-forge/noarch/xrft-0.2.3-pyhd3deb0d_0.tar.bz2#4fb2421807394226a67e7452f6d0aa05
https://repo.anaconda.com/pkgs/main/linux-64/cartopy-0.18.0-py37hee755e7_0.conda#c9dad2cac8954acfba8591241e3520ed
https://conda.anaconda.org/conda-forge/noarch/colorcet-2.0.1-py_0.tar.bz2#aa65c1760b4ccc79d3be1fb3a7060de8
https://conda.anaconda.org/conda-forge/noarch/conda-lock-0.7.3-pyhd8ed1ab_0.tar.bz2#559ade16cbab85c06f6d4ec0e202fbca
https://conda.anaconda.org/conda-forge/noarch/intake-esm-2020.11.4-pyhd8ed1ab_0.tar.bz2#3eb82bcb7bcb107b6d8eb8b173867b70
https://conda.anaconda.org/conda-forge/linux-64/ipykernel-5.3.4-py37h888b3d9_1.tar.bz2#8495e1bc30dca39a6356637912abf7f9
https://conda.anaconda.org/conda-forge/noarch/panel-0.10.2-pyhd8ed1ab_0.tar.bz2#d39b9423ec27aeecd3bf6fd8ebf85a00
https://conda.anaconda.org/conda-forge/noarch/pop-tools-2020.9.14-py_0.tar.bz2#ec77319b08716ee5a313abc3c08c1631
https://conda.anaconda.org/conda-forge/noarch/watermark-2.1.0-pyhd8ed1ab_0.tar.bz2#193d3ce6ac72267dfbfdfbb466b220bc
https://conda.anaconda.org/conda-forge/noarch/metpy-0.12.2-py_0.tar.bz2#21aab048b1bd2be3bab1012465b7b96d
https://conda.anaconda.org/conda-forge/linux-64/notebook-6.1.5-py37h89c1867_0.tar.bz2#dbcbb7027ad8664ed787895c9ffd9e37
https://conda.anaconda.org/conda-forge/noarch/holoviews-1.14.0-pyhd3deb0d_0.tar.bz2#7582011ebd8112d11bd43725c10e3d84
https://conda.anaconda.org/conda-forge/noarch/jupyter-server-proxy-1.5.0-py_0.tar.bz2#a268439d8b60aac7c506dd170fa48f88
https://conda.anaconda.org/conda-forge/noarch/jupyter_contrib_core-0.3.3-py_2.tar.bz2#4704781b0a914d67e4ae8e9f9f5c37a0
https://conda.anaconda.org/conda-forge/noarch/jupyterlab_server-1.2.0-py_0.tar.bz2#77d654573f19a836b326fb77ffd86860
https://conda.anaconda.org/conda-forge/linux-64/jupyter_highlight_selected_word-0.2.0-py37hc8dfbb8_1002.tar.bz2#ad5835a823d70146904f7286a39112ec
https://conda.anaconda.org/conda-forge/linux-64/jupyter_latex_envs-1.4.6-py37hc8dfbb8_1001.tar.bz2#f16c36d0f6fbe6aa0a4fd7d0f486e4f2
https://conda.anaconda.org/conda-forge/linux-64/jupyter_nbextensions_configurator-0.4.1-py37hc8dfbb8_2.tar.bz2#de890274df9ab7a5b303b06a3727481f
https://conda.anaconda.org/conda-forge/noarch/jupyterlab-2.2.9-py_0.tar.bz2#df79e7a98be406acd32606d5bf7f8f52
https://conda.anaconda.org/conda-forge/linux-64/jupyter_contrib_nbextensions-0.5.1-py37hc8dfbb8_1.tar.bz2#a672452a4fb16614e5f25e6dc490575c
