# platform: osx-64
# env_hash: c8da867d5cd4772f88f93f11b2c657ab49bf7ae19e824a171b924ab6910e0361
@EXPLICIT
https://conda.anaconda.org/conda-forge/osx-64/bzip2-1.0.8-hc929b4f_4.tar.bz2#521b82c700a64bac7d8da27539422e91
https://conda.anaconda.org/conda-forge/osx-64/c-ares-1.17.1-hc929b4f_0.tar.bz2#24fc0b91a6eacc6753fef90514d67ce9
https://conda.anaconda.org/conda-forge/osx-64/ca-certificates-2020.11.8-h033912b_0.tar.bz2#80ae143af10fb5c662a3ef1579948c30
https://conda.anaconda.org/conda-forge/osx-64/jpeg-9d-hbcb3906_0.tar.bz2#ff6fba028f282f94ceb10597d58a56e8
https://conda.anaconda.org/conda-forge/osx-64/libcxx-11.0.0-h4c3b8ed_1.tar.bz2#6a22f1c899bcf110c39cd6d959a8555e
https://conda.anaconda.org/conda-forge/osx-64/libev-4.33-haf1e3a3_1.tar.bz2#79dc2be110b2a3d1e97ec21f691c50ad
https://conda.anaconda.org/conda-forge/osx-64/libiconv-1.16-haf1e3a3_0.tar.bz2#c5fab167412a52e491c8e11453ae016f
https://conda.anaconda.org/conda-forge/osx-64/libsodium-1.0.18-hbcb3906_1.tar.bz2#24632c09ed931af617fe6d5292919cab
https://conda.anaconda.org/conda-forge/osx-64/libwebp-base-1.1.0-hbcb3906_3.tar.bz2#ed1a1f1a709a44125a72e086c2aa405c
https://conda.anaconda.org/conda-forge/osx-64/llvm-openmp-11.0.0-h73239a0_1.tar.bz2#40126f3a0c6b2a0fba13214e6ff90ff9
https://conda.anaconda.org/conda-forge/osx-64/mpi-1.0-mpich.tar.bz2#7316a634ed27146b42d28433ec3bc227
https://conda.anaconda.org/conda-forge/osx-64/ncurses-6.2-h2e338ed_4.tar.bz2#9cef1910395d1543527583e73dba30f1
https://conda.anaconda.org/conda-forge/osx-64/pandoc-2.11.2-hc929b4f_0.tar.bz2#b23d8cf47c28ee3d46bba52baadf9a20
https://conda.anaconda.org/conda-forge/osx-64/xz-5.2.5-haf1e3a3_1.tar.bz2#41116deb499e9bc58048c297d6403ce6
https://conda.anaconda.org/conda-forge/osx-64/yaml-0.2.5-haf1e3a3_0.tar.bz2#84c2fc186995c25a43e86ed708065572
https://conda.anaconda.org/conda-forge/osx-64/zlib-1.2.11-h7795811_1010.tar.bz2#7d39e47e16ed0107f37c7224d5b5be8b
https://conda.anaconda.org/conda-forge/osx-64/expat-2.2.9-hb1e8313_2.tar.bz2#5674668524163888bba8f8c04223c323
https://conda.anaconda.org/conda-forge/osx-64/geos-3.8.1-h4a8c4bd_0.tar.bz2#b0590b5a8d2d488d469ab4cb343606ac
https://conda.anaconda.org/conda-forge/osx-64/hdf4-4.2.13-h71d84a9_1004.tar.bz2#798adc59c4f9633b4146fd0bde19437b
https://conda.anaconda.org/conda-forge/osx-64/icu-67.1-hb1e8313_0.tar.bz2#7ee9c0ceb94bf007b86e1564626e1ca0
https://conda.anaconda.org/conda-forge/osx-64/libedit-3.1.20191231-h0678c8f_2.tar.bz2#6016a8a1d0e63cac3de2c352cd40208b
https://conda.anaconda.org/conda-forge/osx-64/libffi-3.3-h74dc148_1.tar.bz2#d42b1898e6862637089ba29dfe1f7b23
https://conda.anaconda.org/conda-forge/osx-64/libgfortran5-9.3.0-h7cc5361_13.tar.bz2#f9f3fc3c2e4f3deb6820a395ffb6071d
https://conda.anaconda.org/conda-forge/osx-64/libllvm10-10.0.1-h009f743_3.tar.bz2#cc65eb0b26253d2789320bfd661852f9
https://conda.anaconda.org/conda-forge/osx-64/libpng-1.6.37-h7cec526_2.tar.bz2#9e52521faba2b53269672628d34e1513
https://conda.anaconda.org/conda-forge/osx-64/lz4-c-1.9.2-hb1e8313_3.tar.bz2#7737f6db9eb5e572d22b88b667d1f3f9
https://conda.anaconda.org/conda-forge/osx-64/openssl-1.1.1h-haf1e3a3_0.tar.bz2#6be73e185e6a92a29571dd9a2dfb5251
https://conda.anaconda.org/conda-forge/osx-64/readline-8.0-h0678c8f_2.tar.bz2#8f69d684fce8e73328995d7efb77816a
https://conda.anaconda.org/conda-forge/osx-64/tk-8.6.10-hb0a8c7a_1.tar.bz2#f7477bf81dcfc7b4dddc7b3790a99a0c
https://conda.anaconda.org/conda-forge/osx-64/zeromq-4.3.3-h74dc148_3.tar.bz2#365c52e91cb00d96d15bef9eddf9f7f8
https://conda.anaconda.org/conda-forge/osx-64/freetype-2.10.4-h3f75d11_0.tar.bz2#84d0ef8511d5754eab4e6af79fb5d5b3
https://conda.anaconda.org/conda-forge/osx-64/krb5-1.17.2-h60d9502_0.tar.bz2#abf2add2a1ade1920b25a8f3327a1aa0
https://conda.anaconda.org/conda-forge/osx-64/libgfortran-5.0.0-h7cc5361_13.tar.bz2#d439af12d04584f443d4f69c6147a661
https://conda.anaconda.org/conda-forge/osx-64/libnghttp2-1.41.0-h7580e61_2.tar.bz2#1731a2e73e2d68d455a1b8b8de0265dc
https://conda.anaconda.org/conda-forge/osx-64/libssh2-1.9.0-h8a08a2b_5.tar.bz2#2e0e86262d3c9a11230ab55fc0468e49
https://conda.anaconda.org/conda-forge/osx-64/libxml2-2.9.10-h2c6e4a5_2.tar.bz2#6fea0e9bafd6df7276490c5b4178f59c
https://conda.anaconda.org/conda-forge/osx-64/sqlite-3.34.0-h17101e1_0.tar.bz2#9e9694f119bb1a2362a0cc0249651835
https://conda.anaconda.org/conda-forge/osx-64/udunits2-2.2.27.6-h776b7f1_1001.tar.bz2#8b5fbb39c3f2c8e8ee15b9a24e054cdc
https://conda.anaconda.org/conda-forge/osx-64/zstd-1.4.5-h289c70a_2.tar.bz2#53cfeb429a4e0157b32ca4b52f488965
https://conda.anaconda.org/conda-forge/osx-64/libcurl-7.71.1-h9bf37e3_8.tar.bz2#1a136204085b4c620fe2ed74fb1112bf
https://conda.anaconda.org/conda-forge/osx-64/libopenblas-0.3.12-openmp_h54245bb_1.tar.bz2#ecaffce11312c27c18ad35e65095fecc
https://conda.anaconda.org/conda-forge/osx-64/libtiff-4.1.0-hca7d577_6.tar.bz2#1c59fd861aedb60abf4fe1c07b553eb0
https://conda.anaconda.org/conda-forge/osx-64/libxslt-1.1.33-h29b7fa6_1.tar.bz2#178b61be6042aa61233ccd5cd82b8322
https://conda.anaconda.org/conda-forge/osx-64/mpich-3.3.2-hd33e60e_4.tar.bz2#0231cd8c91c7eb9df2d1ab30e06a702b
https://conda.anaconda.org/conda-forge/osx-64/python-3.7.8-h4f09611_3_cpython.tar.bz2#bc78ef4ae8c7d890a5144557ee8b5dcb
https://conda.anaconda.org/conda-forge/noarch/appdirs-1.4.4-pyh9f0ad1d_0.tar.bz2#5f095bc6454094e96f146491fd03633b
https://conda.anaconda.org/conda-forge/noarch/asciitree-0.3.3-py_2.tar.bz2#c0481c9de49f040272556e2cedf42816
https://conda.anaconda.org/conda-forge/noarch/async-timeout-3.0.1-py_1000.tar.bz2#8b11024b2762a07aaa07d2743231a41b
https://conda.anaconda.org/conda-forge/noarch/async_generator-1.10-py_0.tar.bz2#d56c596e61b1c4952acf0a9920856c12
https://conda.anaconda.org/conda-forge/noarch/attrs-20.3.0-pyhd3deb0d_0.tar.bz2#5b319abb055eefcfa344bc21378ca23f
https://conda.anaconda.org/conda-forge/noarch/backcall-0.2.0-pyh9f0ad1d_0.tar.bz2#6006a6d08a3fa99268a2681c7fb55213
https://conda.anaconda.org/conda-forge/noarch/backports-1.0-py_2.tar.bz2#0da16b293affa6ac31812376f8eb79dd
https://conda.anaconda.org/conda-forge/noarch/cached-property-1.5.1-py_0.tar.bz2#a5773589b22d6d4f6201fb7c261bf77f
https://conda.anaconda.org/conda-forge/noarch/click-7.1.2-pyh9f0ad1d_0.tar.bz2#bd50a970ce07e660c319fdc4d730d3f1
https://conda.anaconda.org/conda-forge/noarch/cloudpickle-1.6.0-py_0.tar.bz2#76d764d8881719e305f6fa368dc2b65e
https://conda.anaconda.org/conda-forge/osx-64/curl-7.71.1-hcb81553_8.tar.bz2#82d166def6b920c17688f9ec0d766908
https://conda.anaconda.org/conda-forge/noarch/dask-core-2.14.0-py_0.tar.bz2#eca9427d2c7760ced16c0b701dd31681
https://conda.anaconda.org/conda-forge/noarch/dataclasses-0.7-pyhb2cacf7_7.tar.bz2#3c9869f82e8f246c3f26e91da684597e
https://conda.anaconda.org/conda-forge/noarch/decorator-4.4.2-py_0.tar.bz2#d2eabb9cabd212e1ec6a9463bd846243
https://conda.anaconda.org/conda-forge/noarch/defusedxml-0.6.0-py_0.tar.bz2#37e1033daee0e2edaa5ff42584c52b21
https://conda.anaconda.org/conda-forge/noarch/entrypoints-0.3-pyhd8ed1ab_1003.tar.bz2#bbf9a201f6ce99a506f4955374d9a9f4
https://conda.anaconda.org/conda-forge/noarch/fastprogress-1.0.0-py_0.tar.bz2#0765c7a36e7ed365cab77858c9fba1b7
https://conda.anaconda.org/conda-forge/noarch/filelock-3.0.12-pyh9f0ad1d_0.tar.bz2#7544ed05bbbe9bb687bc9bcbe4d6cb46
https://conda.anaconda.org/conda-forge/noarch/fsspec-0.8.4-py_0.tar.bz2#9bc8332e90f8a54d38caf488f784bd85
https://conda.anaconda.org/conda-forge/osx-64/hdf5-1.10.6-mpi_mpich_h75e9946_1012.tar.bz2#2b11301b91b057c22b8a79de9335f68c
https://conda.anaconda.org/conda-forge/noarch/heapdict-1.0.1-py_0.tar.bz2#77242bfb1e74a627fb06319b5a2d3b95
https://conda.anaconda.org/conda-forge/noarch/idna-2.10-pyh9f0ad1d_0.tar.bz2#f95a12b4f435aae6680fe55ae2eb1b06
https://conda.anaconda.org/conda-forge/noarch/iniconfig-1.1.1-pyh9f0ad1d_0.tar.bz2#39161f81cc5e5ca45b8226fbb06c6905
https://conda.anaconda.org/conda-forge/noarch/ipython_genutils-0.2.0-py_1.tar.bz2#5071c982548b3a20caf70462f04f5287
https://conda.anaconda.org/conda-forge/noarch/json5-0.9.5-pyh9f0ad1d_0.tar.bz2#10759827a94e6b14996e81fb002c0bda
https://conda.anaconda.org/conda-forge/osx-64/lcms2-2.11-h11f7e16_1.tar.bz2#e51153c3a4a2455f2466ef4e5496c34d
https://conda.anaconda.org/conda-forge/osx-64/libblas-3.9.0-3_openblas.tar.bz2#63422c183fc9408b6465dec4e51132b1
https://conda.anaconda.org/conda-forge/noarch/locket-0.2.0-py_2.tar.bz2#709e8671651c7ec3d1ad07800339ff1d
https://conda.anaconda.org/conda-forge/noarch/monotonic-1.5-py_0.tar.bz2#0cc5fd0140497c3f1e2db2e7493b62b3
https://conda.anaconda.org/conda-forge/noarch/more-itertools-8.6.0-pyhd8ed1ab_0.tar.bz2#980af7a97980ad4cc867b3c1fad782e7
https://conda.anaconda.org/conda-forge/noarch/nest-asyncio-1.4.3-pyhd8ed1ab_0.tar.bz2#a1f2fda4d88c624810bf2029aa4c0827
https://conda.anaconda.org/conda-forge/noarch/olefile-0.46-pyh9f0ad1d_1.tar.bz2#0b2e68acc8c78c8cc392b90983481f58
https://conda.anaconda.org/conda-forge/noarch/pandocfilters-1.4.2-py_1.tar.bz2#ba6f4a308f1ea22abe1d72e72544af76
https://conda.anaconda.org/conda-forge/noarch/param-1.10.0-py_0.tar.bz2#641dbd5623348d573d67a8bfd43236e0
https://conda.anaconda.org/conda-forge/noarch/parso-0.7.1-pyh9f0ad1d_0.tar.bz2#f66647d1ec805566d72ac26f62b19c01
https://conda.anaconda.org/conda-forge/noarch/pathspec-0.8.1-pyhd3deb0d_0.tar.bz2#fcd2fbb062b55d14a77e664c89ee17a6
https://conda.anaconda.org/conda-forge/noarch/pickleshare-0.7.5-py_1003.tar.bz2#415f0ebb6198cc2801c73438a9fb5761
https://conda.anaconda.org/conda-forge/osx-64/proj-7.1.1-h45baca5_3.tar.bz2#8ce5872273b6c64be6874db4daf1eb9d
https://conda.anaconda.org/conda-forge/noarch/prometheus_client-0.9.0-pyhd3deb0d_0.tar.bz2#c7af95daf5bae22ead34151e0ab9d041
https://conda.anaconda.org/conda-forge/noarch/ptyprocess-0.6.0-py_1001.tar.bz2#0c3a56f1ab48cfb002c69b48f9e1ddc6
https://conda.anaconda.org/conda-forge/noarch/py-1.9.0-pyh9f0ad1d_0.tar.bz2#82beb69c4e05d65702bbde3c63d6ef58
https://conda.anaconda.org/conda-forge/noarch/pycparser-2.20-pyh9f0ad1d_2.tar.bz2#aa798d50ffd182a0f6f31478c7f434f6
https://conda.anaconda.org/conda-forge/noarch/pyparsing-2.4.7-pyh9f0ad1d_0.tar.bz2#626c4f20d5bf06dcec9cf2eaa31725c7
https://conda.anaconda.org/conda-forge/noarch/pyshp-2.1.2-pyh9f0ad1d_0.tar.bz2#3362c351288584f00000c3ce31b5bbdf
https://conda.anaconda.org/conda-forge/osx-64/python_abi-3.7-1_cp37m.tar.bz2#d2cb192f8948ea603927a71f015574dd
https://conda.anaconda.org/conda-forge/noarch/pytz-2020.4-pyhd8ed1ab_0.tar.bz2#14aefc827cbbd156cb1bd9e992210380
https://conda.anaconda.org/conda-forge/noarch/send2trash-1.5.0-py_0.tar.bz2#c3779037a635e1150f1c53c28b875949
https://conda.anaconda.org/conda-forge/noarch/simpervisor-0.3-py_1.tar.bz2#fe08b77a681a541161b2b42fbd78d117
https://conda.anaconda.org/conda-forge/noarch/six-1.15.0-pyh9f0ad1d_0.tar.bz2#1eec421f0f1f39e579e44e4a5ce646a2
https://conda.anaconda.org/conda-forge/noarch/sortedcontainers-2.3.0-pyhd8ed1ab_0.tar.bz2#2f5b87cd0bdf1822b62e40909f471db4
https://conda.anaconda.org/conda-forge/noarch/tblib-1.6.0-py_0.tar.bz2#0e1562c39e804e0d7df8650626379caa
https://conda.anaconda.org/conda-forge/noarch/testpath-0.4.4-py_0.tar.bz2#3b98fff4d5342bebde2ecaa314f796f9
https://conda.anaconda.org/conda-forge/noarch/toml-0.10.2-pyhd8ed1ab_0.tar.bz2#f832c45a477c78bebd107098db465095
https://conda.anaconda.org/conda-forge/noarch/toolz-0.11.1-py_0.tar.bz2#d1e66b58cb00b3817ad9f05eec098c00
https://conda.anaconda.org/conda-forge/noarch/tqdm-4.54.0-pyhd8ed1ab_0.tar.bz2#0a926e66325587b1c7479982241bcec1
https://conda.anaconda.org/conda-forge/noarch/typing_extensions-3.7.4.3-py_0.tar.bz2#12b96e382730541a4b332420227055ae
https://conda.anaconda.org/conda-forge/noarch/webencodings-0.5.1-py_1.tar.bz2#3563be4c5611a44210d9ba0c16113136
https://conda.anaconda.org/conda-forge/noarch/wheel-0.36.1-pyhd3deb0d_0.tar.bz2#c6ed1f08b1fdc10511b90245b87dc504
https://conda.anaconda.org/conda-forge/noarch/zipp-3.4.0-py_0.tar.bz2#0df927d2e46244cef8fd75d7ec2ba51c
https://conda.anaconda.org/conda-forge/osx-64/appnope-0.1.2-py37hf985489_0.tar.bz2#7b47e5d21eed791d536fbf92e385de80
https://conda.anaconda.org/conda-forge/osx-64/certifi-2020.11.8-py37hf985489_0.tar.bz2#b2b4be9f62d3ce2adea8d963e6822930
https://conda.anaconda.org/conda-forge/osx-64/cffi-1.14.4-py37hc5b2277_1.tar.bz2#8faba82b9f7ae18fd2f998eefdbec46a
https://conda.anaconda.org/conda-forge/osx-64/chardet-3.0.4-py37h2987424_1008.tar.bz2#cc67a92b9d49d74caf6a71e6c8685141
https://conda.anaconda.org/conda-forge/noarch/click-default-group-1.2.1-py_0.tar.bz2#64a66d3d4db54208496c4e2fa822eeee
https://conda.anaconda.org/conda-forge/noarch/cycler-0.10.0-py_2.tar.bz2#f6d7c7e6d8f42cbbec7e07a8d879f91c
https://conda.anaconda.org/conda-forge/osx-64/cytoolz-0.11.0-py37he6e4e01_1.tar.bz2#163578eb8a7a6d90fac70e0d3a16da04
https://conda.anaconda.org/conda-forge/noarch/docrep-0.2.7-py_0.tar.bz2#7a8411a58c16dffe32424251e62e3149
https://conda.anaconda.org/conda-forge/noarch/fasteners-0.14.1-py_3.tar.bz2#8af0bf3cfe806fb001d9923b4fe1594b
https://conda.anaconda.org/conda-forge/osx-64/future-0.18.2-py37hf985489_2.tar.bz2#9eed4ab577b147e13f994e9cc5946a70
https://conda.anaconda.org/conda-forge/noarch/importlib-metadata-3.1.1-pyhd8ed1ab_0.tar.bz2#e22162ed945059586d1b6b603d07c48e
https://conda.anaconda.org/conda-forge/osx-64/jedi-0.17.2-py37hf985489_1.tar.bz2#f31b483e11441fd2f85d89fa9fbd284a
https://conda.anaconda.org/conda-forge/osx-64/kiwisolver-1.3.1-py37h8ec247f_0.tar.bz2#db7d7d9541721d6b3a1867f47ba736d9
https://conda.anaconda.org/conda-forge/osx-64/libcblas-3.9.0-3_openblas.tar.bz2#db022571ca94d89680df174d970b1d22
https://conda.anaconda.org/conda-forge/osx-64/liblapack-3.9.0-3_openblas.tar.bz2#981e3cbd865ea7530bb52e427ce5e1d9
https://conda.anaconda.org/conda-forge/osx-64/libnetcdf-4.7.4-mpi_mpich_hd667724_6.tar.bz2#3daa6a2a5206a313d0e7b0ea5b01428d
https://conda.anaconda.org/conda-forge/osx-64/llvmlite-0.35.0-py37hd739bdf_0.tar.bz2#5eb85c792c2c6e756335d9d3813ba3f6
https://conda.anaconda.org/conda-forge/osx-64/lxml-4.6.2-py37h52eb7ab_0.tar.bz2#4d55ddfba1e116c9b012c6526e0148ea
https://conda.anaconda.org/conda-forge/osx-64/markupsafe-1.1.1-py37h395d20d_2.tar.bz2#c1a1e424c418d2a2c599951b3c33f77c
https://conda.anaconda.org/conda-forge/osx-64/mistune-0.8.4-py37h4b544eb_1002.tar.bz2#16b820387ea7a7ca2bc588d441089949
https://conda.anaconda.org/conda-forge/osx-64/mpi4py-3.0.3-py37h7eb136a_2.tar.bz2#45c172a877d13d910f370a0e6dde98c7
https://conda.anaconda.org/conda-forge/osx-64/msgpack-python-1.0.0-py37h6f5c0c7_2.tar.bz2#1c10e243abe18d802750a31d430d2f22
https://conda.anaconda.org/conda-forge/osx-64/multidict-4.7.5-py37h60d8a13_2.tar.bz2#0f5e1c0a1f5d5dd3fb0cacc6fac7f423
https://conda.anaconda.org/conda-forge/osx-64/mypy_extensions-0.4.3-py37hc8dfbb8_2.tar.bz2#18a2f6588eb46ef3850e10825f2aaba0
https://conda.anaconda.org/conda-forge/noarch/packaging-20.7-pyhd3deb0d_0.tar.bz2#0bc8af3dd7a02bd106cd05ac35007309
https://conda.anaconda.org/conda-forge/noarch/partd-1.1.0-py_0.tar.bz2#4afbf2cdf4e6ad279080d3adb5cefaae
https://conda.anaconda.org/conda-forge/noarch/pexpect-4.8.0-pyh9f0ad1d_2.tar.bz2#5909e7b978141dd80d28dbf9de627827
https://conda.anaconda.org/conda-forge/osx-64/pillow-8.0.1-py37h09f51b7_0.tar.bz2#a3fc89550c4e091c0e7bdc00de1cd4ad
https://conda.anaconda.org/conda-forge/osx-64/psutil-5.7.3-py37h395d20d_0.tar.bz2#a5b664a1fa9e74b38f94150d2689670d
https://conda.anaconda.org/conda-forge/noarch/pyct-core-0.4.6-py_0.tar.bz2#55ec526f95e0959de3f68bc6289a20da
https://conda.anaconda.org/conda-forge/osx-64/pyproj-2.6.1.post1-py37hee79b95_3.tar.bz2#8766a71761b3fdecd387df6fb685b008
https://conda.anaconda.org/conda-forge/osx-64/pyrsistent-0.17.3-py37h4b544eb_1.tar.bz2#e4384eee3bcfd51eaba7c4d6e1b4f355
https://conda.anaconda.org/conda-forge/osx-64/pysocks-1.7.1-py37h2987424_2.tar.bz2#23629f60986dc6f2125f32d26a0055e4
https://conda.anaconda.org/conda-forge/noarch/python-dateutil-2.8.1-py_0.tar.bz2#0d0150ed9c2d25817f5324108d3f7571
https://conda.anaconda.org/conda-forge/noarch/pyviz_comms-0.7.6-pyh9f0ad1d_0.tar.bz2#16fc2f91123d2b040c4e101ec47c8660
https://conda.anaconda.org/conda-forge/osx-64/pyyaml-5.3.1-py37h395d20d_1.tar.bz2#25dbf137d014d016d692de2c2f027250
https://conda.anaconda.org/conda-forge/osx-64/pyzmq-20.0.0-py37h47fd9b3_1.tar.bz2#a9a23d1570986e88128d16a4aed248db
https://conda.anaconda.org/conda-forge/osx-64/regex-2020.11.13-py37h4b544eb_0.tar.bz2#b07889cf19410f3dc4c31d466ec29913
https://conda.anaconda.org/conda-forge/osx-64/tornado-6.1-py37h4b544eb_0.tar.bz2#40c23dc1f73b26064afceb2e3cee4e2c
https://conda.anaconda.org/conda-forge/noarch/traitlets-5.0.5-py_0.tar.bz2#99618ee9ab1323e40f231acdab92fe60
https://conda.anaconda.org/conda-forge/osx-64/typed-ast-1.4.1-py37h4b544eb_1.tar.bz2#147727f14cde0b369d247f52dec79b06
https://conda.anaconda.org/conda-forge/noarch/typing-extensions-3.7.4.3-0.tar.bz2#36bdcdb4c2bf1efb987f2e9e80f4c9a6
https://conda.anaconda.org/conda-forge/noarch/zict-2.0.0-py_0.tar.bz2#4750152be22f24d695b3004c5e1712d3
https://conda.anaconda.org/conda-forge/osx-64/argon2-cffi-20.1.0-py37h4b544eb_2.tar.bz2#d222a61cd5b90de09f2c2822980da539
https://conda.anaconda.org/conda-forge/noarch/black-20.8b1-py_1.tar.bz2#e555d6b71ec916c3dc4e6e3793cc9796
https://conda.anaconda.org/conda-forge/osx-64/brotlipy-0.7.0-py37h395d20d_1001.tar.bz2#1407a480e4f9e14dc56546dc9263bdd2
https://conda.anaconda.org/conda-forge/osx-64/cryptography-3.2.1-py37h3b7a55b_0.tar.bz2#ffe7daf50625d35d7e9cd880f5ecaf1b
https://conda.anaconda.org/conda-forge/noarch/importlib_metadata-3.1.1-hd8ed1ab_0.tar.bz2#a884b1bcaa2d48a6bc299dcba787db7a
https://conda.anaconda.org/conda-forge/osx-64/jupyter_core-4.7.0-py37hf985489_0.tar.bz2#9f60c9d0cf30fb24bcb3cf5326d1d0f2
https://conda.anaconda.org/conda-forge/noarch/markdown-3.3.3-pyh9f0ad1d_0.tar.bz2#59bb2a2c29091c3a243701e26f6f1f5e
https://conda.anaconda.org/conda-forge/osx-64/netcdf-fortran-4.5.3-mpi_mpich_h948e014_1.tar.bz2#c91ee460aa102f424bdd8e78ccc1144f
https://conda.anaconda.org/conda-forge/osx-64/numpy-1.19.4-py37h9ebeaaa_1.tar.bz2#8e098b1cf91fb632812345097d087a0b
https://conda.anaconda.org/conda-forge/osx-64/setuptools-49.6.0-py37h2987424_2.tar.bz2#3d0ef7d49d82130fc8374190238dc989
https://conda.anaconda.org/conda-forge/osx-64/terminado-0.9.1-py37hf985489_1.tar.bz2#465e91e1ed9dff4e921507823d270d10
https://conda.anaconda.org/conda-forge/osx-64/yarl-1.6.3-py37h4b544eb_0.tar.bz2#eae1db193f9eaebdf0b25ed7809cb0ae
https://conda.anaconda.org/conda-forge/osx-64/aiohttp-3.7.3-py37he6e4e01_0.tar.bz2#a8b0c2a6bd8ee5d14ba196a605a5b19e
https://conda.anaconda.org/conda-forge/noarch/backports.functools_lru_cache-1.6.1-py_0.tar.bz2#d36df15eaef96549ce6231e3088fba54
https://conda.anaconda.org/conda-forge/noarch/bleach-3.2.1-pyh9f0ad1d_0.tar.bz2#d4506316b85679972c0b78d4d1c0b701
https://conda.anaconda.org/conda-forge/osx-64/bottleneck-1.3.2-py37h57c32b8_2.tar.bz2#6ab2e72fae692cf5999fd6274c21dd79
https://conda.anaconda.org/conda-forge/osx-64/cftime-1.3.0-py37h8ba3199_0.tar.bz2#cfc010d8d9f3699b5ec45f1fcb8503ee
https://conda.anaconda.org/conda-forge/noarch/colorspacious-1.1.2-pyh24bf2e0_0.tar.bz2#b73afa0d009a51cabd3ec99c4d2ef4f3
https://conda.anaconda.org/conda-forge/osx-64/distributed-2.14.0-py37hc8dfbb8_0.tar.bz2#72f35f0e76b8c92e0926f0ec712a4b61
https://conda.anaconda.org/conda-forge/noarch/eofs-1.4.0-py_0.tar.bz2#6e166cd37cfeadefcfca1ffe00f222bb
https://conda.anaconda.org/conda-forge/osx-64/esmf-8.0.1-mpi_mpich_h561d09f_102.tar.bz2#06bf477afdf584c878b659976557e5f3
https://conda.anaconda.org/conda-forge/osx-64/h5py-3.1.0-nompi_py37h6dbf366_100.tar.bz2#618a3f89ae5ed8b7a173b5ce32c412b1
https://conda.anaconda.org/conda-forge/osx-64/importlib_resources-3.3.0-py37hf985489_0.tar.bz2#08b4f53ad794bfb72607fd273a153d84
https://conda.anaconda.org/conda-forge/noarch/jinja2-2.11.2-pyh9f0ad1d_0.tar.bz2#e8a5d614d1a27bdba00059ca062a0551
https://conda.anaconda.org/conda-forge/noarch/jsonschema-3.2.0-py_2.tar.bz2#a17aa962de6145d08e1008cb37c20161
https://conda.anaconda.org/conda-forge/noarch/jupyter_client-6.1.7-py_0.tar.bz2#bcaa486602c05413da0808b82898f60a
https://conda.anaconda.org/conda-forge/osx-64/matplotlib-base-3.3.3-py37hdacc966_0.tar.bz2#f81034275d11d51196afd19b22756867
https://conda.anaconda.org/conda-forge/osx-64/numba-0.52.0-py37h53bd85b_0.tar.bz2#5c55e467cd430a58418086a4a25a5b78
https://conda.anaconda.org/conda-forge/osx-64/numcodecs-0.7.2-py37hfbb9781_1.tar.bz2#8029f812c5146d02d39ce96c756f1d85
https://conda.anaconda.org/conda-forge/osx-64/pandas-1.1.4-py37h9b0e0a3_0.tar.bz2#6b6769d11de4562354817f0c1dd4dd65
https://conda.anaconda.org/conda-forge/noarch/pip-20.3.1-pyhd8ed1ab_0.tar.bz2#bd6aa73eed4afc399688200778a609f6
https://conda.anaconda.org/conda-forge/osx-64/pluggy-0.13.1-py37h2987424_3.tar.bz2#f97da93f78c9c47348a9f21631f996c5
https://conda.anaconda.org/conda-forge/noarch/pygments-2.7.2-py_0.tar.bz2#ed1bdce2d0c4353ad0bc22310e271723
https://conda.anaconda.org/conda-forge/noarch/pyopenssl-20.0.0-pyhd8ed1ab_0.tar.bz2#8fda1084aa3edad26a03e85617bb109f
https://conda.anaconda.org/conda-forge/osx-64/scipy-1.5.3-py37h821cff1_0.tar.bz2#ead2a17f7d7aa03d4dd816a8759d0d88
https://conda.anaconda.org/conda-forge/noarch/seawater-3.3.4-py_1.tar.bz2#a9e101e1601faf5e5a119ab2bd7617a4
https://conda.anaconda.org/conda-forge/osx-64/shapely-1.7.1-py37h40e7c26_1.tar.bz2#64ac6257a7fe5a87a669505dfb2e1883
https://conda.anaconda.org/conda-forge/osx-64/bokeh-1.4.0-py37hc8dfbb8_1.tar.bz2#76549b065c1e260c89b16eb2faa69d14
https://conda.anaconda.org/conda-forge/osx-64/cartopy-0.18.0-py37h2bb1fed_6.tar.bz2#22e96cdb6f157030ffaa16e875835f5a
https://conda.anaconda.org/conda-forge/osx-64/cf_units-2.0.1-py37h917ab60_1002.tar.bz2#fe60e812a964fe55657fb9b5eeb42520
https://conda.anaconda.org/conda-forge/noarch/cmocean-2.0-py_3.tar.bz2#10f08c3aa77dc4080ebc1c03cb542f70
https://conda.anaconda.org/conda-forge/noarch/dask-jobqueue-0.7.1-py_0.tar.bz2#157ae83b26ba34fc1437d14c039cb832
https://conda.anaconda.org/conda-forge/osx-64/dask-mpi-2.21.0-py37h47761d7_1.tar.bz2#5e8cca3bed9e61201fbb547054f12170
https://conda.anaconda.org/conda-forge/osx-64/esmpy-8.0.1-mpi_mpich_py37ha4619bd_102.tar.bz2#b6de049b11a6b3beac8070a8a6b631cd
https://conda.anaconda.org/conda-forge/noarch/h5netcdf-0.8.1-py_0.tar.bz2#0181638a03dbead1e8b2ff3bdb54d24e
https://conda.anaconda.org/conda-forge/noarch/jupyterlab_pygments-0.1.2-pyh9f0ad1d_0.tar.bz2#2cbd910890bb328e8959246a1e16fac7
https://conda.anaconda.org/conda-forge/osx-64/matplotlib-3.3.3-py37hf985489_0.tar.bz2#f2fa603a4830c3c685c8ac74aef7c6e2
https://conda.anaconda.org/conda-forge/noarch/nbformat-5.0.8-py_0.tar.bz2#12aaf0d8795a5c375757b49a08e011a2
https://conda.anaconda.org/conda-forge/noarch/nc-time-axis-1.2.0-py_1.tar.bz2#f3158a5d335f0f44f09cf05d3fb4107e
https://conda.anaconda.org/conda-forge/osx-64/netcdf4-1.5.4-nompi_py37h08081e3_103.tar.bz2#0609d214e29dce80e6355506e18a3917
https://conda.anaconda.org/conda-forge/noarch/patsy-0.5.1-py_0.tar.bz2#d971df2dcd1a453daabecec0ef76e88a
https://conda.anaconda.org/conda-forge/noarch/pint-0.16.1-py_0.tar.bz2#3a147e648229168687fa22d309faa6fb
https://conda.anaconda.org/conda-forge/osx-64/pytest-6.1.2-py37hf985489_0.tar.bz2#b5828ea8ced7d38085ce36d276b9eba6
https://conda.anaconda.org/conda-forge/noarch/seaborn-base-0.11.0-pyhd8ed1ab_1.tar.bz2#ce3229296680dfaf68ff36498424315b
https://conda.anaconda.org/conda-forge/noarch/urllib3-1.25.11-py_0.tar.bz2#4ce0599839b2b4418befe201e5f072fc
https://conda.anaconda.org/conda-forge/noarch/wcwidth-0.2.5-pyh9f0ad1d_2.tar.bz2#5266fcd697043c59621fda522b3d78ee
https://conda.anaconda.org/conda-forge/noarch/xarray-0.16.2-pyhd8ed1ab_0.tar.bz2#45057a982fbac8e5c5ba5167358d4bbb
https://conda.anaconda.org/conda-forge/noarch/zarr-2.6.1-pyhd8ed1ab_0.tar.bz2#cde929aee3ed7ceb99169b2b254735eb
https://conda.anaconda.org/conda-forge/noarch/dask-2.14.0-py_0.tar.bz2#6ee126d80e62ab0793642a15ce609b77
https://conda.anaconda.org/conda-forge/noarch/nbclient-0.5.1-py_0.tar.bz2#4efba375c50e6668cb5778e36d1f3a7e
https://conda.anaconda.org/conda-forge/noarch/ncar-jobqueue-2020.11.18-pyhd3deb0d_0.tar.bz2#7180c9d8c8fe2ddd51c79f16c53ea919
https://conda.anaconda.org/conda-forge/noarch/prompt-toolkit-3.0.8-pyha770c72_0.tar.bz2#e4df54860ae814be2dba503c97748173
https://conda.anaconda.org/conda-forge/noarch/requests-2.25.0-pyhd3deb0d_0.tar.bz2#5b983af1f3dcd93ef20f6067d077f6fe
https://conda.anaconda.org/conda-forge/osx-64/statsmodels-0.12.1-py37h8ba3199_1.tar.bz2#a071420773a922cf6fd0b7807c10146d
https://conda.anaconda.org/conda-forge/noarch/xesmf-0.4.0-pyhd8ed1ab_0.tar.bz2#04a91e233e14ffbf39119fa8680e3efe
https://conda.anaconda.org/conda-forge/noarch/ensureconda-1.3.0-pyhd8ed1ab_0.tar.bz2#24e565cbb31a38162df00e31bb909940
https://conda.anaconda.org/conda-forge/noarch/intake-0.6.0-py_0.tar.bz2#1043778f4cd11dda4e7df45edfd12154
https://conda.anaconda.org/conda-forge/osx-64/ipython-7.19.0-py37he01cfaa_0.tar.bz2#1e0953c787e29cec2f9f9dd3a32cfeeb
https://conda.anaconda.org/conda-forge/osx-64/nbconvert-6.0.7-py37hf985489_3.tar.bz2#cbf915c9d112392238f5ecc98555e132
https://conda.anaconda.org/conda-forge/noarch/pooch-1.3.0-pyhd8ed1ab_0.tar.bz2#7041d42601fe3de878565ca84c952237
https://conda.anaconda.org/conda-forge/noarch/pyct-0.4.6-py_0.tar.bz2#42d91c89bc3993ec88681cffd3c0e326
https://conda.anaconda.org/conda-forge/osx-64/seaborn-0.11.0-h694c41f_1.tar.bz2#8a3a815a619a7cfe55fb9c90c5ead9a8
https://conda.anaconda.org/conda-forge/noarch/xgcm-0.5.1-py_0.tar.bz2#935f4608a93c5bf80d9c33810ef40aa0
https://conda.anaconda.org/conda-forge/noarch/xhistogram-0.1.1-py_0.tar.bz2#014c84ba10debba421f42ac55006bab8
https://conda.anaconda.org/conda-forge/noarch/xrft-0.2.3-pyhd3deb0d_0.tar.bz2#4fb2421807394226a67e7452f6d0aa05
https://conda.anaconda.org/conda-forge/noarch/colorcet-2.0.1-py_0.tar.bz2#aa65c1760b4ccc79d3be1fb3a7060de8
https://conda.anaconda.org/conda-forge/noarch/conda-lock-0.7.3-pyhd8ed1ab_0.tar.bz2#559ade16cbab85c06f6d4ec0e202fbca
https://conda.anaconda.org/conda-forge/noarch/intake-esm-2020.11.4-pyhd8ed1ab_0.tar.bz2#3eb82bcb7bcb107b6d8eb8b173867b70
https://conda.anaconda.org/conda-forge/osx-64/ipykernel-5.3.4-py37he01cfaa_1.tar.bz2#200f698f713874d3815c3aa2a1086962
https://conda.anaconda.org/conda-forge/noarch/metpy-0.12.2-py_0.tar.bz2#21aab048b1bd2be3bab1012465b7b96d
https://conda.anaconda.org/conda-forge/noarch/panel-0.8.1-pyh9f0ad1d_1.tar.bz2#19b4bb4a15cfb1934ba06f3de5d3df48
https://conda.anaconda.org/conda-forge/noarch/pop-tools-2020.9.14-py_0.tar.bz2#ec77319b08716ee5a313abc3c08c1631
https://conda.anaconda.org/conda-forge/noarch/watermark-2.1.0-pyhd8ed1ab_0.tar.bz2#193d3ce6ac72267dfbfdfbb466b220bc
https://conda.anaconda.org/conda-forge/osx-64/notebook-6.1.5-py37hf985489_0.tar.bz2#c678b3bd1a538283c2ae072ff7c2b6cb
https://conda.anaconda.org/conda-forge/noarch/holoviews-1.14.0-pyhd3deb0d_0.tar.bz2#7582011ebd8112d11bd43725c10e3d84
https://conda.anaconda.org/conda-forge/noarch/jupyter-server-proxy-1.5.0-py_0.tar.bz2#a268439d8b60aac7c506dd170fa48f88
https://conda.anaconda.org/conda-forge/noarch/jupyter_contrib_core-0.3.3-py_2.tar.bz2#4704781b0a914d67e4ae8e9f9f5c37a0
https://conda.anaconda.org/conda-forge/noarch/jupyterlab_server-1.2.0-py_0.tar.bz2#77d654573f19a836b326fb77ffd86860
https://conda.anaconda.org/conda-forge/osx-64/jupyter_highlight_selected_word-0.2.0-py37hc8dfbb8_1002.tar.bz2#3bd808748b177e6f8e21d36839ba84a4
https://conda.anaconda.org/conda-forge/osx-64/jupyter_latex_envs-1.4.6-py37hc8dfbb8_1001.tar.bz2#e5a9e4758bb43b6175ab38c211a8140a
https://conda.anaconda.org/conda-forge/osx-64/jupyter_nbextensions_configurator-0.4.1-py37hc8dfbb8_2.tar.bz2#dda08452b0e52d749dad187a37e661b5
https://conda.anaconda.org/conda-forge/noarch/jupyterlab-2.2.9-py_0.tar.bz2#df79e7a98be406acd32606d5bf7f8f52
https://conda.anaconda.org/conda-forge/osx-64/jupyter_contrib_nbextensions-0.5.1-py37hc8dfbb8_1.tar.bz2#f0e8fb1225cbb852d5b8790ae9240d8f
